{
  "name": "uprove-jwp",
  "version": "0.0.1",
  "lockfileVersion": 2,
  "requires": true,
  "packages": {
    "": {
      "name": "uprove-jwp",
      "version": "0.0.1",
      "license": "MIT",
      "dependencies": {
        "uprove-node-reference": "github:microsoft/uprove-node-reference"
      }
    },
    "node_modules/@microsoft/msrcrypto": {
      "version": "1.6.7",
      "resolved": "git+ssh://git@github.com/microsoft/MSR-JavaScript-Crypto.git#5b9a6dd4539a0968ea4ffa68d14c3c99a7bfc3e7",
      "license": "Apache-2.0"
    },
    "node_modules/uprove-node-reference": {
      "version": "1.0.0",
      "resolved": "git+ssh://git@github.com/microsoft/uprove-node-reference.git#fe13052a973e5f352630b47a4797d276a55d8b44",
      "license": "MIT",
      "dependencies": {
        "@microsoft/msrcrypto": "github:microsoft/MSR-JavaScript-Crypto#export-math-lib"
      }
    }
  },
  "dependencies": {
    "@microsoft/msrcrypto": {
      "version": "git+ssh://git@github.com/microsoft/MSR-JavaScript-Crypto.git#5b9a6dd4539a0968ea4ffa68d14c3c99a7bfc3e7",
      "from": "@microsoft/msrcrypto@github:microsoft/MSR-JavaScript-Crypto#export-math-lib"
    },
    "uprove-node-reference": {
      "version": "git+ssh://git@github.com/microsoft/uprove-node-reference.git#fe13052a973e5f352630b47a4797d276a55d8b44",
      "from": "uprove-node-reference@github:microsoft/uprove-node-reference",
      "requires": {
        "@microsoft/msrcrypto": "github:microsoft/MSR-JavaScript-Crypto#export-math-lib"
      }
    }
  }
}
